{
    "_readme": [
        "This file locks the dependencies of your project to a known state",
        "Read more about it at https://getcomposer.org/doc/01-basic-usage.md#composer-lock-the-lock-file",
        "This file is @generated automatically"
    ],
    "hash": "946587ab8867a69ccbb0cff5ea6a8387",
    "content-hash": "cf5ca1f967b70c5e146faa5a058ec437",
    "packages": [
        {
            "name": "jasig/phpcas",
            "version": "1.3.3",
            "source": {
                "type": "git",
                "url": "https://github.com/Jasig/phpCAS.git",
                "reference": "b6f5d484735d3b0e80b068a87bd1eabac04b2cbe"
            },
            "dist": {
                "type": "zip",
                "url": "https://api.github.com/repos/Jasig/phpCAS/zipball/b6f5d484735d3b0e80b068a87bd1eabac04b2cbe",
                "reference": "b6f5d484735d3b0e80b068a87bd1eabac04b2cbe",
                "shasum": ""
            },
            "require": {
                "php": ">=5.0.0"
            },
            "require-dev": {
                "phpunit/phpunit": "~3.7.10"
            },
            "type": "library",
            "extra": {
                "branch-alias": {
                    "dev-master": "1.3.x-dev"
                }
            },
            "autoload": {
                "classmap": [
                    "source/"
                ]
            },
            "notification-url": "https://packagist.org/downloads/",
            "license": [
                "Apache-2.0"
            ],
            "authors": [
                {
                    "name": "Joachim Fritschi",
                    "homepage": "https://wiki.jasig.org/display/~fritschi"
                },
                {
                    "name": "Adam Franco",
                    "homepage": "https://wiki.jasig.org/display/~adamfranco"
                }
            ],
            "description": "Provides a simple API for authenticating users against a CAS server",
            "homepage": "https://wiki.jasig.org/display/CASC/phpCAS",
            "keywords": [
                "cas",
                "jasig"
            ],
            "time": "2014-07-24 20:29:29"
        }
    ],
    "packages-dev": [
        {
            "name": "jakub-onderka/php-parallel-lint",
            "version": "v0.9",
            "source": {
                "type": "git",
                "url": "https://github.com/JakubOnderka/PHP-Parallel-Lint.git",
                "reference": "1b693fb455201cacf595163c92bfb1adfa2158d8"
            },
            "dist": {
                "type": "zip",
                "url": "https://api.github.com/repos/JakubOnderka/PHP-Parallel-Lint/zipball/1b693fb455201cacf595163c92bfb1adfa2158d8",
                "reference": "1b693fb455201cacf595163c92bfb1adfa2158d8",
                "shasum": ""
            },
            "require": {
                "php": ">=5.3.3"
            },
            "require-dev": {
                "jakub-onderka/php-console-highlighter": "~0.3",
                "nette/tester": "~1.3"
            },
            "suggest": {
                "jakub-onderka/php-console-highlighter": "Highlight syntax in code snippet"
            },
            "bin": [
                "parallel-lint"
            ],
            "type": "library",
            "autoload": {
                "classmap": [
                    "./"
                ]
            },
            "notification-url": "https://packagist.org/downloads/",
            "license": [
                "BSD"
            ],
            "authors": [
                {
                    "name": "Jakub Onderka",
                    "email": "jakub.onderka@gmail.com"
                }
            ],
            "description": "This tool check syntax of PHP files about 20x faster than serial check.",
            "homepage": "https://github.com/JakubOnderka/PHP-Parallel-Lint",
            "time": "2015-06-16 10:17:07"
        }
    ],
    "aliases": [],
    "minimum-stability": "stable",
    "stability-flags": [],
    "prefer-stable": false,
    "prefer-lowest": false,
    "platform": [],
    "platform-dev": []
}
